// !$*UTF8*$!
{
	archiveVersion = 1;
	classes = {
	};
	objectVersion = 56;
	objects = {

/* Begin PBXBuildFile section */
		A10000010000000000000001 /* ClipSlimApp.swift in Sources */ = {isa = PBXBuildFile; fileRef = B10000010000000000000001 /* ClipSlimApp.swift */; };
		A10000020000000000000002 /* AppDelegate.swift in Sources */ = {isa = PBXBuildFile; fileRef = B10000020000000000000002 /* AppDelegate.swift */; };
		A10000030000000000000003 /* AppSettings.swift in Sources */ = {isa = PBXBuildFile; fileRef = B10000030000000000000003 /* AppSettings.swift */; };
		A10000040000000000000004 /* OptimizationPreset.swift in Sources */ = {isa = PBXBuildFile; fileRef = B10000040000000000000004 /* OptimizationPreset.swift */; };
		A10000050000000000000005 /* OptimizationResult.swift in Sources */ = {isa = PBXBuildFile; fileRef = B10000050000000000000005 /* OptimizationResult.swift */; };
		A10000060000000000000006 /* OptimizationEvent.swift in Sources */ = {isa = PBXBuildFile; fileRef = B10000060000000000000006 /* OptimizationEvent.swift */; };
		A10000070000000000000007 /* ImageFormat.swift in Sources */ = {isa = PBXBuildFile; fileRef = B10000070000000000000007 /* ImageFormat.swift */; };
		A10000080000000000000008 /* ImageOptimizer.swift in Sources */ = {isa = PBXBuildFile; fileRef = B10000080000000000000008 /* ImageOptimizer.swift */; };
		A10000090000000000000009 /* ClipboardWatcher.swift in Sources */ = {isa = PBXBuildFile; fileRef = B10000090000000000000009 /* ClipboardWatcher.swift */; };
		A1000010000000000000000A /* FolderWatcher.swift in Sources */ = {isa = PBXBuildFile; fileRef = B1000010000000000000000A /* FolderWatcher.swift */; };
		A1000011000000000000000B /* NotificationService.swift in Sources */ = {isa = PBXBuildFile; fileRef = B1000011000000000000000B /* NotificationService.swift */; };
		A10000520000000000000052 /* TipStore.swift in Sources */ = {isa = PBXBuildFile; fileRef = B10000520000000000000052 /* TipStore.swift */; };
		A1000012000000000000000C /* AppViewModel.swift in Sources */ = {isa = PBXBuildFile; fileRef = B1000012000000000000000C /* AppViewModel.swift */; };
		A1000013000000000000000D /* MenuBarView.swift in Sources */ = {isa = PBXBuildFile; fileRef = B1000013000000000000000D /* MenuBarView.swift */; };
		A1000014000000000000000E /* DebugLogView.swift in Sources */ = {isa = PBXBuildFile; fileRef = B1000014000000000000000E /* DebugLogView.swift */; };
		A1000015000000000000000F /* QuickToggleRow.swift in Sources */ = {isa = PBXBuildFile; fileRef = B1000015000000000000000F /* QuickToggleRow.swift */; };
		A10000160000000000000010 /* PresetPicker.swift in Sources */ = {isa = PBXBuildFile; fileRef = B10000160000000000000010 /* PresetPicker.swift */; };
		A10000170000000000000011 /* StatsRow.swift in Sources */ = {isa = PBXBuildFile; fileRef = B10000170000000000000011 /* StatsRow.swift */; };
		A10000180000000000000012 /* MenuActionButton.swift in Sources */ = {isa = PBXBuildFile; fileRef = B10000180000000000000012 /* MenuActionButton.swift */; };
		A10000190000000000000013 /* SettingsView.swift in Sources */ = {isa = PBXBuildFile; fileRef = B10000190000000000000013 /* SettingsView.swift */; };
		A1000020000000000000001A /* GeneralTab.swift in Sources */ = {isa = PBXBuildFile; fileRef = B1000020000000000000001A /* GeneralTab.swift */; };
		A1000021000000000000001B /* PresetsTab.swift in Sources */ = {isa = PBXBuildFile; fileRef = B1000021000000000000001B /* PresetsTab.swift */; };
		A1000022000000000000001C /* FolderTab.swift in Sources */ = {isa = PBXBuildFile; fileRef = B1000022000000000000001C /* FolderTab.swift */; };
		A1000023000000000000001D /* AboutTab.swift in Sources */ = {isa = PBXBuildFile; fileRef = B1000023000000000000001D /* AboutTab.swift */; };
		A1000024000000000000001E /* VibeCheckTheme.swift in Sources */ = {isa = PBXBuildFile; fileRef = B1000024000000000000001E /* VibeCheckTheme.swift */; };
		A1000025000000000000001F /* Logger.swift in Sources */ = {isa = PBXBuildFile; fileRef = B1000025000000000000001F /* Logger.swift */; };
		A10000260000000000000020 /* Assets.xcassets in Resources */ = {isa = PBXBuildFile; fileRef = B10000260000000000000020 /* Assets.xcassets */; };
		A10000270000000000000021 /* ImageOptimizerTests.swift in Sources */ = {isa = PBXBuildFile; fileRef = B10000270000000000000021 /* ImageOptimizerTests.swift */; };
		A10000310000000000000031 /* IgnoreCache.swift in Sources */ = {isa = PBXBuildFile; fileRef = B10000310000000000000031 /* IgnoreCache.swift */; };
		A10000320000000000000032 /* OverlayService.swift in Sources */ = {isa = PBXBuildFile; fileRef = B10000320000000000000032 /* OverlayService.swift */; };
		A10000340000000000000034 /* OverlayView.swift in Sources */ = {isa = PBXBuildFile; fileRef = B10000340000000000000034 /* OverlayView.swift */; };
		A10000350000000000000035 /* OnboardingFlowView.swift in Sources */ = {isa = PBXBuildFile; fileRef = B10000350000000000000035 /* OnboardingFlowView.swift */; };
		A10000370000000000000037 /* SupportTab.swift in Sources */ = {isa = PBXBuildFile; fileRef = B10000370000000000000037 /* SupportTab.swift */; };
		A10000380000000000000038 /* CoreFeatureTests.swift in Sources */ = {isa = PBXBuildFile; fileRef = B10000380000000000000038 /* CoreFeatureTests.swift */; };
		A10000390000000000000039 /* SettingsDesign.swift in Sources */ = {isa = PBXBuildFile; fileRef = B10000390000000000000039 /* SettingsDesign.swift */; };
		A10000400000000000000040 /* PresetButtonGroup.swift in Sources */ = {isa = PBXBuildFile; fileRef = B10000400000000000000040 /* PresetButtonGroup.swift */; };
		A10000410000000000000041 /* MenuPauseViewState.swift in Sources */ = {isa = PBXBuildFile; fileRef = B10000410000000000000041 /* MenuPauseViewState.swift */; };
		A10000420000000000000042 /* MenuViewStateTests.swift in Sources */ = {isa = PBXBuildFile; fileRef = B10000420000000000000042 /* MenuViewStateTests.swift */; };
		A10000430000000000000043 /* OptimizationDispatch.swift in Sources */ = {isa = PBXBuildFile; fileRef = B10000430000000000000043 /* OptimizationDispatch.swift */; };
		A10000440000000000000044 /* OptimizationDispatchTests.swift in Sources */ = {isa = PBXBuildFile; fileRef = B10000440000000000000044 /* OptimizationDispatchTests.swift */; };
		A10000450000000000000045 /* PDFOptimizer.swift in Sources */ = {isa = PBXBuildFile; fileRef = B10000450000000000000045 /* PDFOptimizer.swift */; };
		A10000460000000000000046 /* FileType.swift in Sources */ = {isa = PBXBuildFile; fileRef = B10000460000000000000046 /* FileType.swift */; };
		A10000470000000000000047 /* DropZoneService.swift in Sources */ = {isa = PBXBuildFile; fileRef = B10000470000000000000047 /* DropZoneService.swift */; };
		A10000480000000000000048 /* DropZoneView.swift in Sources */ = {isa = PBXBuildFile; fileRef = B10000480000000000000048 /* DropZoneView.swift */; };
		A10000490000000000000049 /* PDFTab.swift in Sources */ = {isa = PBXBuildFile; fileRef = B10000490000000000000049 /* PDFTab.swift */; };
		A10000500000000000000050 /* PDFOptimizerTests.swift in Sources */ = {isa = PBXBuildFile; fileRef = B10000500000000000000050 /* PDFOptimizerTests.swift */; };
/* End PBXBuildFile section */

/* Begin PBXContainerItemProxy section */
		C10000010000000000000001 /* PBXContainerItemProxy */ = {
			isa = PBXContainerItemProxy;
			containerPortal = D10000010000000000000001 /* Project object */;
			proxyType = 1;
			remoteGlobalIDString = E10000010000000000000001;
			remoteInfo = ClipSlim;
		};
/* End PBXContainerItemProxy section */

/* Begin PBXFileReference section */
		B10000010000000000000001 /* ClipSlimApp.swift */ = {isa = PBXFileReference; lastKnownFileType = sourcecode.swift; path = ClipSlimApp.swift; sourceTree = "<group>"; };
		B10000020000000000000002 /* AppDelegate.swift */ = {isa = PBXFileReference; lastKnownFileType = sourcecode.swift; path = AppDelegate.swift; sourceTree = "<group>"; };
		B10000030000000000000003 /* AppSettings.swift */ = {isa = PBXFileReference; lastKnownFileType = sourcecode.swift; path = AppSettings.swift; sourceTree = "<group>"; };
		B10000040000000000000004 /* OptimizationPreset.swift */ = {isa = PBXFileReference; lastKnownFileType = sourcecode.swift; path = OptimizationPreset.swift; sourceTree = "<group>"; };
		B10000050000000000000005 /* OptimizationResult.swift */ = {isa = PBXFileReference; lastKnownFileType = sourcecode.swift; path = OptimizationResult.swift; sourceTree = "<group>"; };
		B10000060000000000000006 /* OptimizationEvent.swift */ = {isa = PBXFileReference; lastKnownFileType = sourcecode.swift; path = OptimizationEvent.swift; sourceTree = "<group>"; };
		B10000070000000000000007 /* ImageFormat.swift */ = {isa = PBXFileReference; lastKnownFileType = sourcecode.swift; path = ImageFormat.swift; sourceTree = "<group>"; };
		B10000080000000000000008 /* ImageOptimizer.swift */ = {isa = PBXFileReference; lastKnownFileType = sourcecode.swift; path = ImageOptimizer.swift; sourceTree = "<group>"; };
		B10000090000000000000009 /* ClipboardWatcher.swift */ = {isa = PBXFileReference; lastKnownFileType = sourcecode.swift; path = ClipboardWatcher.swift; sourceTree = "<group>"; };
		B1000010000000000000000A /* FolderWatcher.swift */ = {isa = PBXFileReference; lastKnownFileType = sourcecode.swift; path = FolderWatcher.swift; sourceTree = "<group>"; };
		B1000011000000000000000B /* NotificationService.swift */ = {isa = PBXFileReference; lastKnownFileType = sourcecode.swift; path = NotificationService.swift; sourceTree = "<group>"; };
		B10000520000000000000052 /* TipStore.swift */ = {isa = PBXFileReference; lastKnownFileType = sourcecode.swift; path = TipStore.swift; sourceTree = "<group>"; };
		B10000530000000000000053 /* ClipSlim.storekit */ = {isa = PBXFileReference; lastKnownFileType = text; path = ClipSlim.storekit; sourceTree = "<group>"; };
		B1000012000000000000000C /* AppViewModel.swift */ = {isa = PBXFileReference; lastKnownFileType = sourcecode.swift; path = AppViewModel.swift; sourceTree = "<group>"; };
		B1000013000000000000000D /* MenuBarView.swift */ = {isa = PBXFileReference; lastKnownFileType = sourcecode.swift; path = MenuBarView.swift; sourceTree = "<group>"; };
		B1000014000000000000000E /* DebugLogView.swift */ = {isa = PBXFileReference; lastKnownFileType = sourcecode.swift; path = DebugLogView.swift; sourceTree = "<group>"; };
		B1000015000000000000000F /* QuickToggleRow.swift */ = {isa = PBXFileReference; lastKnownFileType = sourcecode.swift; path = QuickToggleRow.swift; sourceTree = "<group>"; };
		B10000160000000000000010 /* PresetPicker.swift */ = {isa = PBXFileReference; lastKnownFileType = sourcecode.swift; path = PresetPicker.swift; sourceTree = "<group>"; };
		B10000170000000000000011 /* StatsRow.swift */ = {isa = PBXFileReference; lastKnownFileType = sourcecode.swift; path = StatsRow.swift; sourceTree = "<group>"; };
		B10000180000000000000012 /* MenuActionButton.swift */ = {isa = PBXFileReference; lastKnownFileType = sourcecode.swift; path = MenuActionButton.swift; sourceTree = "<group>"; };
		B10000190000000000000013 /* SettingsView.swift */ = {isa = PBXFileReference; lastKnownFileType = sourcecode.swift; path = SettingsView.swift; sourceTree = "<group>"; };
		B1000020000000000000001A /* GeneralTab.swift */ = {isa = PBXFileReference; lastKnownFileType = sourcecode.swift; path = GeneralTab.swift; sourceTree = "<group>"; };
		B1000021000000000000001B /* PresetsTab.swift */ = {isa = PBXFileReference; lastKnownFileType = sourcecode.swift; path = PresetsTab.swift; sourceTree = "<group>"; };
		B1000022000000000000001C /* FolderTab.swift */ = {isa = PBXFileReference; lastKnownFileType = sourcecode.swift; path = FolderTab.swift; sourceTree = "<group>"; };
		B1000023000000000000001D /* AboutTab.swift */ = {isa = PBXFileReference; lastKnownFileType = sourcecode.swift; path = AboutTab.swift; sourceTree = "<group>"; };
		B1000024000000000000001E /* VibeCheckTheme.swift */ = {isa = PBXFileReference; lastKnownFileType = sourcecode.swift; path = VibeCheckTheme.swift; sourceTree = "<group>"; };
		B1000025000000000000001F /* Logger.swift */ = {isa = PBXFileReference; lastKnownFileType = sourcecode.swift; path = Logger.swift; sourceTree = "<group>"; };
		B10000260000000000000020 /* Assets.xcassets */ = {isa = PBXFileReference; lastKnownFileType = folder.assetcatalog; path = Assets.xcassets; sourceTree = "<group>"; };
		B10000270000000000000021 /* ImageOptimizerTests.swift */ = {isa = PBXFileReference; lastKnownFileType = sourcecode.swift; path = ImageOptimizerTests.swift; sourceTree = "<group>"; };
		B10000280000000000000022 /* Info.plist */ = {isa = PBXFileReference; lastKnownFileType = text.plist.xml; path = Info.plist; sourceTree = "<group>"; };
		B10000290000000000000023 /* ClipSlim.entitlements */ = {isa = PBXFileReference; lastKnownFileType = text.plist.entitlements; path = ClipSlim.entitlements; sourceTree = "<group>"; };
		B10000310000000000000031 /* IgnoreCache.swift */ = {isa = PBXFileReference; lastKnownFileType = sourcecode.swift; path = IgnoreCache.swift; sourceTree = "<group>"; };
		B10000320000000000000032 /* OverlayService.swift */ = {isa = PBXFileReference; lastKnownFileType = sourcecode.swift; path = OverlayService.swift; sourceTree = "<group>"; };
		B10000340000000000000034 /* OverlayView.swift */ = {isa = PBXFileReference; lastKnownFileType = sourcecode.swift; path = OverlayView.swift; sourceTree = "<group>"; };
		B10000350000000000000035 /* OnboardingFlowView.swift */ = {isa = PBXFileReference; lastKnownFileType = sourcecode.swift; path = OnboardingFlowView.swift; sourceTree = "<group>"; };
		B10000370000000000000037 /* SupportTab.swift */ = {isa = PBXFileReference; lastKnownFileType = sourcecode.swift; path = SupportTab.swift; sourceTree = "<group>"; };
		B10000380000000000000038 /* CoreFeatureTests.swift */ = {isa = PBXFileReference; lastKnownFileType = sourcecode.swift; path = CoreFeatureTests.swift; sourceTree = "<group>"; };
		B10000390000000000000039 /* SettingsDesign.swift */ = {isa = PBXFileReference; lastKnownFileType = sourcecode.swift; path = SettingsDesign.swift; sourceTree = "<group>"; };
		B10000400000000000000040 /* PresetButtonGroup.swift */ = {isa = PBXFileReference; lastKnownFileType = sourcecode.swift; path = PresetButtonGroup.swift; sourceTree = "<group>"; };
		B10000410000000000000041 /* MenuPauseViewState.swift */ = {isa = PBXFileReference; lastKnownFileType = sourcecode.swift; path = MenuPauseViewState.swift; sourceTree = "<group>"; };
		B10000420000000000000042 /* MenuViewStateTests.swift */ = {isa = PBXFileReference; lastKnownFileType = sourcecode.swift; path = MenuViewStateTests.swift; sourceTree = "<group>"; };
		B10000430000000000000043 /* OptimizationDispatch.swift */ = {isa = PBXFileReference; lastKnownFileType = sourcecode.swift; path = OptimizationDispatch.swift; sourceTree = "<group>"; };
		B10000440000000000000044 /* OptimizationDispatchTests.swift */ = {isa = PBXFileReference; lastKnownFileType = sourcecode.swift; path = OptimizationDispatchTests.swift; sourceTree = "<group>"; };
		B10000450000000000000045 /* PDFOptimizer.swift */ = {isa = PBXFileReference; lastKnownFileType = sourcecode.swift; path = PDFOptimizer.swift; sourceTree = "<group>"; };
		B10000460000000000000046 /* FileType.swift */ = {isa = PBXFileReference; lastKnownFileType = sourcecode.swift; path = FileType.swift; sourceTree = "<group>"; };
		B10000470000000000000047 /* DropZoneService.swift */ = {isa = PBXFileReference; lastKnownFileType = sourcecode.swift; path = DropZoneService.swift; sourceTree = "<group>"; };
		B10000480000000000000048 /* DropZoneView.swift */ = {isa = PBXFileReference; lastKnownFileType = sourcecode.swift; path = DropZoneView.swift; sourceTree = "<group>"; };
		B10000490000000000000049 /* PDFTab.swift */ = {isa = PBXFileReference; lastKnownFileType = sourcecode.swift; path = PDFTab.swift; sourceTree = "<group>"; };
		B10000500000000000000050 /* PDFOptimizerTests.swift */ = {isa = PBXFileReference; lastKnownFileType = sourcecode.swift; path = PDFOptimizerTests.swift; sourceTree = "<group>"; };
		F10000010000000000000001 /* ClipSlim.app */ = {isa = PBXFileReference; explicitFileType = wrapper.application; includeInIndex = 0; path = ClipSlim.app; sourceTree = BUILT_PRODUCTS_DIR; };
		F10000020000000000000002 /* ClipSlimTests.xctest */ = {isa = PBXFileReference; explicitFileType = wrapper.cfbundle; includeInIndex = 0; path = ClipSlimTests.xctest; sourceTree = BUILT_PRODUCTS_DIR; };
/* End PBXFileReference section */

/* Begin PBXFrameworksBuildPhase section */
		E10000030000000000000003 /* Frameworks */ = {
			isa = PBXFrameworksBuildPhase;
			buildActionMask = 2147483647;
			files = (
			);
			runOnlyForDeploymentPostprocessing = 0;
		};
		E10000040000000000000004 /* Frameworks */ = {
			isa = PBXFrameworksBuildPhase;
			buildActionMask = 2147483647;
			files = (
			);
			runOnlyForDeploymentPostprocessing = 0;
		};
/* End PBXFrameworksBuildPhase section */

/* Begin PBXGroup section */
		D10000020000000000000002 = {
			isa = PBXGroup;
			children = (
				D10000030000000000000003 /* ClipSlim */,
				D10000040000000000000004 /* ClipSlimTests */,
				D10000050000000000000005 /* Products */,
				B10000530000000000000053 /* ClipSlim.storekit */,
			);
			sourceTree = "<group>";
		};
		D10000030000000000000003 /* ClipSlim */ = {
			isa = PBXGroup;
			children = (
				D10000060000000000000006 /* App */,
				D10000070000000000000007 /* Models */,
				D10000080000000000000008 /* Services */,
				D10000090000000000000009 /* ViewModels */,
				D1000010000000000000000A /* Views */,
				D1000011000000000000000B /* Theme */,
				D1000012000000000000000C /* Utilities */,
				D1000013000000000000000D /* Resources */,
			);
			path = ClipSlim;
			sourceTree = "<group>";
		};
		D10000040000000000000004 /* ClipSlimTests */ = {
			isa = PBXGroup;
			children = (
				B10000270000000000000021 /* ImageOptimizerTests.swift */,
				B10000380000000000000038 /* CoreFeatureTests.swift */,
				B10000420000000000000042 /* MenuViewStateTests.swift */,
				B10000440000000000000044 /* OptimizationDispatchTests.swift */,
				B10000500000000000000050 /* PDFOptimizerTests.swift */,
			);
			path = ClipSlimTests;
			sourceTree = "<group>";
		};
		D10000050000000000000005 /* Products */ = {
			isa = PBXGroup;
			children = (
				F10000010000000000000001 /* ClipSlim.app */,
				F10000020000000000000002 /* ClipSlimTests.xctest */,
			);
			name = Products;
			sourceTree = "<group>";
		};
		D10000060000000000000006 /* App */ = {
			isa = PBXGroup;
			children = (
				B10000010000000000000001 /* ClipSlimApp.swift */,
				B10000020000000000000002 /* AppDelegate.swift */,
			);
			path = App;
			sourceTree = "<group>";
		};
		D10000070000000000000007 /* Models */ = {
			isa = PBXGroup;
			children = (
				B10000030000000000000003 /* AppSettings.swift */,
				B10000040000000000000004 /* OptimizationPreset.swift */,
				B10000050000000000000005 /* OptimizationResult.swift */,
				B10000060000000000000006 /* OptimizationEvent.swift */,
				B10000070000000000000007 /* ImageFormat.swift */,
				B10000460000000000000046 /* FileType.swift */,
			);
			path = Models;
			sourceTree = "<group>";
		};
		D10000080000000000000008 /* Services */ = {
			isa = PBXGroup;
			children = (
				B10000080000000000000008 /* ImageOptimizer.swift */,
				B10000450000000000000045 /* PDFOptimizer.swift */,
				B10000430000000000000043 /* OptimizationDispatch.swift */,
				B10000090000000000000009 /* ClipboardWatcher.swift */,
				B1000010000000000000000A /* FolderWatcher.swift */,
				B1000011000000000000000B /* NotificationService.swift */,
				B10000310000000000000031 /* IgnoreCache.swift */,
				B10000320000000000000032 /* OverlayService.swift */,
				B10000470000000000000047 /* DropZoneService.swift */,
				B10000520000000000000052 /* TipStore.swift */,
			);
			path = Services;
			sourceTree = "<group>";
		};
		D10000090000000000000009 /* ViewModels */ = {
			isa = PBXGroup;
			children = (
				B1000012000000000000000C /* AppViewModel.swift */,
				B10000410000000000000041 /* MenuPauseViewState.swift */,
			);
			path = ViewModels;
			sourceTree = "<group>";
		};
		D1000010000000000000000A /* Views */ = {
			isa = PBXGroup;
			children = (
				B1000013000000000000000D /* MenuBarView.swift */,
				B1000014000000000000000E /* DebugLogView.swift */,
				B10000340000000000000034 /* OverlayView.swift */,
				B10000350000000000000035 /* OnboardingFlowView.swift */,
				B10000480000000000000048 /* DropZoneView.swift */,
				D1000014000000000000000E /* Components */,
				D1000015000000000000000F /* Settings */,
			);
			path = Views;
			sourceTree = "<group>";
		};
		D1000011000000000000000B /* Theme */ = {
			isa = PBXGroup;
			children = (
				B1000024000000000000001E /* VibeCheckTheme.swift */,
			);
			path = Theme;
			sourceTree = "<group>";
		};
		D1000012000000000000000C /* Utilities */ = {
			isa = PBXGroup;
			children = (
				B1000025000000000000001F /* Logger.swift */,
			);
			path = Utilities;
			sourceTree = "<group>";
		};
		D1000013000000000000000D /* Resources */ = {
			isa = PBXGroup;
			children = (
				B10000280000000000000022 /* Info.plist */,
				B10000290000000000000023 /* ClipSlim.entitlements */,
				B10000260000000000000020 /* Assets.xcassets */,
			);
			path = Resources;
			sourceTree = "<group>";
		};
		D1000014000000000000000E /* Components */ = {
			isa = PBXGroup;
			children = (
				B1000015000000000000000F /* QuickToggleRow.swift */,
				B10000160000000000000010 /* PresetPicker.swift */,
				B10000400000000000000040 /* PresetButtonGroup.swift */,
				B10000170000000000000011 /* StatsRow.swift */,
				B10000180000000000000012 /* MenuActionButton.swift */,
				B10000390000000000000039 /* SettingsDesign.swift */,
			);
			path = Components;
			sourceTree = "<group>";
		};
		D1000015000000000000000F /* Settings */ = {
			isa = PBXGroup;
			children = (
				B10000190000000000000013 /* SettingsView.swift */,
				B1000020000000000000001A /* GeneralTab.swift */,
				B1000021000000000000001B /* PresetsTab.swift */,
				B1000022000000000000001C /* FolderTab.swift */,
				B10000490000000000000049 /* PDFTab.swift */,
				B10000370000000000000037 /* SupportTab.swift */,
				B1000023000000000000001D /* AboutTab.swift */,
			);
			path = Settings;
			sourceTree = "<group>";
		};
/* End PBXGroup section */

/* Begin PBXNativeTarget section */
		E10000010000000000000001 /* ClipSlim */ = {
			isa = PBXNativeTarget;
			buildConfigurationList = E10000050000000000000005 /* Build configuration list for PBXNativeTarget "ClipSlim" */;
			buildPhases = (
				E10000060000000000000006 /* Sources */,
				E10000030000000000000003 /* Frameworks */,
				E10000070000000000000007 /* Resources */,
			);
			buildRules = (
			);
			dependencies = (
			);
			name = ClipSlim;
			productName = ClipSlim;
			productReference = F10000010000000000000001 /* ClipSlim.app */;
			productType = "com.apple.product-type.application";
		};
		E10000020000000000000002 /* ClipSlimTests */ = {
			isa = PBXNativeTarget;
			buildConfigurationList = E10000080000000000000008 /* Build configuration list for PBXNativeTarget "ClipSlimTests" */;
			buildPhases = (
				E10000090000000000000009 /* Sources */,
				E10000040000000000000004 /* Frameworks */,
			);
			buildRules = (
			);
			dependencies = (
				E1000010000000000000000A /* PBXTargetDependency */,
			);
			name = ClipSlimTests;
			productName = ClipSlimTests;
			productReference = F10000020000000000000002 /* ClipSlimTests.xctest */;
			productType = "com.apple.product-type.bundle.unit-test";
		};
/* End PBXNativeTarget section */

/* Begin PBXProject section */
		D10000010000000000000001 /* Project object */ = {
			isa = PBXProject;
			attributes = {
				BuildIndependentTargetsInParallel = 1;
				LastSwiftUpdateCheck = 1540;
				LastUpgradeCheck = 2620;
				TargetAttributes = {
					E10000010000000000000001 = {
						CreatedOnToolsVersion = 15.4;
					};
					E10000020000000000000002 = {
						CreatedOnToolsVersion = 15.4;
						TestTargetID = E10000010000000000000001;
					};
				};
			};
			buildConfigurationList = E1000011000000000000000B /* Build configuration list for PBXProject "ClipSlim" */;
			compatibilityVersion = "Xcode 14.0";
			developmentRegion = en;
			hasScannedForEncodings = 0;
			knownRegions = (
				en,
				Base,
			);
			mainGroup = D10000020000000000000002;
			productRefGroup = D10000050000000000000005 /* Products */;
			projectDirPath = "";
			projectRoot = "";
			targets = (
				E10000010000000000000001 /* ClipSlim */,
				E10000020000000000000002 /* ClipSlimTests */,
			);
		};
/* End PBXProject section */

/* Begin PBXResourcesBuildPhase section */
		E10000070000000000000007 /* Resources */ = {
			isa = PBXResourcesBuildPhase;
			buildActionMask = 2147483647;
			files = (
				A10000260000000000000020 /* Assets.xcassets in Resources */,
			);
			runOnlyForDeploymentPostprocessing = 0;
		};
/* End PBXResourcesBuildPhase section */

/* Begin PBXSourcesBuildPhase section */
		E10000060000000000000006 /* Sources */ = {
			isa = PBXSourcesBuildPhase;
			buildActionMask = 2147483647;
			files = (
				A10000010000000000000001 /* ClipSlimApp.swift in Sources */,
				A10000020000000000000002 /* AppDelegate.swift in Sources */,
				A10000030000000000000003 /* AppSettings.swift in Sources */,
				A10000040000000000000004 /* OptimizationPreset.swift in Sources */,
				A10000050000000000000005 /* OptimizationResult.swift in Sources */,
				A10000060000000000000006 /* OptimizationEvent.swift in Sources */,
				A10000070000000000000007 /* ImageFormat.swift in Sources */,
				A10000080000000000000008 /* ImageOptimizer.swift in Sources */,
				A10000430000000000000043 /* OptimizationDispatch.swift in Sources */,
				A10000090000000000000009 /* ClipboardWatcher.swift in Sources */,
				A1000010000000000000000A /* FolderWatcher.swift in Sources */,
				A1000011000000000000000B /* NotificationService.swift in Sources */,
				A10000520000000000000052 /* TipStore.swift in Sources */,
				A1000012000000000000000C /* AppViewModel.swift in Sources */,
				A1000013000000000000000D /* MenuBarView.swift in Sources */,
				A1000014000000000000000E /* DebugLogView.swift in Sources */,
				A1000015000000000000000F /* QuickToggleRow.swift in Sources */,
				A10000160000000000000010 /* PresetPicker.swift in Sources */,
				A10000170000000000000011 /* StatsRow.swift in Sources */,
				A10000180000000000000012 /* MenuActionButton.swift in Sources */,
				A10000190000000000000013 /* SettingsView.swift in Sources */,
				A1000020000000000000001A /* GeneralTab.swift in Sources */,
				A1000021000000000000001B /* PresetsTab.swift in Sources */,
				A1000022000000000000001C /* FolderTab.swift in Sources */,
				A1000023000000000000001D /* AboutTab.swift in Sources */,
				A1000024000000000000001E /* VibeCheckTheme.swift in Sources */,
				A1000025000000000000001F /* Logger.swift in Sources */,
				A10000310000000000000031 /* IgnoreCache.swift in Sources */,
				A10000320000000000000032 /* OverlayService.swift in Sources */,
				A10000340000000000000034 /* OverlayView.swift in Sources */,
				A10000350000000000000035 /* OnboardingFlowView.swift in Sources */,
				A10000370000000000000037 /* SupportTab.swift in Sources */,
				A10000390000000000000039 /* SettingsDesign.swift in Sources */,
				A10000400000000000000040 /* PresetButtonGroup.swift in Sources */,
				A10000410000000000000041 /* MenuPauseViewState.swift in Sources */,
				A10000450000000000000045 /* PDFOptimizer.swift in Sources */,
				A10000460000000000000046 /* FileType.swift in Sources */,
				A10000470000000000000047 /* DropZoneService.swift in Sources */,
				A10000480000000000000048 /* DropZoneView.swift in Sources */,
				A10000490000000000000049 /* PDFTab.swift in Sources */,
			);
			runOnlyForDeploymentPostprocessing = 0;
		};
		E10000090000000000000009 /* Sources */ = {
			isa = PBXSourcesBuildPhase;
			buildActionMask = 2147483647;
			files = (
				A10000270000000000000021 /* ImageOptimizerTests.swift in Sources */,
				A10000380000000000000038 /* CoreFeatureTests.swift in Sources */,
				A10000420000000000000042 /* MenuViewStateTests.swift in Sources */,
				A10000440000000000000044 /* OptimizationDispatchTests.swift in Sources */,
				A10000500000000000000050 /* PDFOptimizerTests.swift in Sources */,
			);
			runOnlyForDeploymentPostprocessing = 0;
		};
/* End PBXSourcesBuildPhase section */

/* Begin PBXTargetDependency section */
		E1000010000000000000000A /* PBXTargetDependency */ = {
			isa = PBXTargetDependency;
			target = E10000010000000000000001 /* ClipSlim */;
			targetProxy = C10000010000000000000001 /* PBXContainerItemProxy */;
		};
/* End PBXTargetDependency section */

/* Begin XCBuildConfiguration section */
		E1000012000000000000000C /* Debug */ = {
			isa = XCBuildConfiguration;
			buildSettings = {
				ALWAYS_SEARCH_USER_PATHS = NO;
				ASSETCATALOG_COMPILER_GENERATE_SWIFT_ASSET_SYMBOL_EXTENSIONS = YES;
				CLANG_ANALYZER_NONNULL = YES;
				CLANG_ANALYZER_NUMBER_OBJECT_CONVERSION = YES_AGGRESSIVE;
				CLANG_CXX_LANGUAGE_STANDARD = "gnu++20";
				CLANG_ENABLE_MODULES = YES;
				CLANG_ENABLE_OBJC_ARC = YES;
				CLANG_ENABLE_OBJC_WEAK = YES;
				CLANG_WARN_BLOCK_CAPTURE_AUTORELEASING = YES;
				CLANG_WARN_BOOL_CONVERSION = YES;
				CLANG_WARN_COMMA = YES;
				CLANG_WARN_CONSTANT_CONVERSION = YES;
				CLANG_WARN_DEPRECATED_OBJC_IMPLEMENTATIONS = YES;
				CLANG_WARN_DIRECT_OBJC_ISA_USAGE = YES_ERROR;
				CLANG_WARN_DOCUMENTATION_COMMENTS = YES;
				CLANG_WARN_EMPTY_BODY = YES;
				CLANG_WARN_ENUM_CONVERSION = YES;
				CLANG_WARN_INFINITE_RECURSION = YES;
				CLANG_WARN_INT_CONVERSION = YES;
				CLANG_WARN_NON_LITERAL_NULL_CONVERSION = YES;
				CLANG_WARN_OBJC_IMPLICIT_RETAIN_SELF = YES;
				CLANG_WARN_OBJC_LITERAL_CONVERSION = YES;
				CLANG_WARN_OBJC_ROOT_CLASS = YES_ERROR;
				CLANG_WARN_QUOTED_INCLUDE_IN_FRAMEWORK_HEADER = YES;
				CLANG_WARN_RANGE_LOOP_ANALYSIS = YES;
				CLANG_WARN_STRICT_PROTOTYPES = YES;
				CLANG_WARN_SUSPICIOUS_MOVE = YES;
				CLANG_WARN_UNGUARDED_AVAILABILITY = YES_AGGRESSIVE;
				CLANG_WARN_UNREACHABLE_CODE = YES;
				CLANG_WARN__DUPLICATE_METHOD_MATCH = YES;
				COPY_PHASE_STRIP = NO;
				DEAD_CODE_STRIPPING = YES;
				DEBUG_INFORMATION_FORMAT = dwarf;
				ENABLE_STRICT_OBJC_MSGSEND = YES;
				ENABLE_TESTABILITY = YES;
				ENABLE_USER_SCRIPT_SANDBOXING = YES;
				GCC_C_LANGUAGE_STANDARD = gnu17;
				GCC_DYNAMIC_NO_PIC = NO;
				GCC_NO_COMMON_BLOCKS = YES;
				GCC_OPTIMIZATION_LEVEL = 0;
				GCC_PREPROCESSOR_DEFINITIONS = (
					"DEBUG=1",
					"$(inherited)",
				);
				GCC_WARN_64_TO_32_BIT_CONVERSION = YES;
				GCC_WARN_ABOUT_RETURN_TYPE = YES_ERROR;
				GCC_WARN_UNDECLARED_SELECTOR = YES;
				GCC_WARN_UNINITIALIZED_AUTOS = YES_AGGRESSIVE;
				GCC_WARN_UNUSED_FUNCTION = YES;
				GCC_WARN_UNUSED_VARIABLE = YES;
				MACOSX_DEPLOYMENT_TARGET = 14.0;
				MTL_ENABLE_DEBUG_INFO = INCLUDE_SOURCE;
				MTL_FAST_MATH = YES;
				ONLY_ACTIVE_ARCH = YES;
				SDKROOT = macosx;
				STRING_CATALOG_GENERATE_SYMBOLS = YES;
				SWIFT_ACTIVE_COMPILATION_CONDITIONS = "DEBUG $(inherited)";
				SWIFT_OPTIMIZATION_LEVEL = "-Onone";
				SWIFT_VERSION = 5.0;
			};
			name = Debug;
		};
		E1000013000000000000000D /* Release */ = {
			isa = XCBuildConfiguration;
			buildSettings = {
				ALWAYS_SEARCH_USER_PATHS = NO;
				ASSETCATALOG_COMPILER_GENERATE_SWIFT_ASSET_SYMBOL_EXTENSIONS = YES;
				CLANG_ANALYZER_NONNULL = YES;
				CLANG_ANALYZER_NUMBER_OBJECT_CONVERSION = YES_AGGRESSIVE;
				CLANG_CXX_LANGUAGE_STANDARD = "gnu++20";
				CLANG_ENABLE_MODULES = YES;
				CLANG_ENABLE_OBJC_ARC = YES;
				CLANG_ENABLE_OBJC_WEAK = YES;
				CLANG_WARN_BLOCK_CAPTURE_AUTORELEASING = YES;
				CLANG_WARN_BOOL_CONVERSION = YES;
				CLANG_WARN_COMMA = YES;
				CLANG_WARN_CONSTANT_CONVERSION = YES;
				CLANG_WARN_DEPRECATED_OBJC_IMPLEMENTATIONS = YES;
				CLANG_WARN_DIRECT_OBJC_ISA_USAGE = YES_ERROR;
				CLANG_WARN_DOCUMENTATION_COMMENTS = YES;
				CLANG_WARN_EMPTY_BODY = YES;
				CLANG_WARN_ENUM_CONVERSION = YES;
				CLANG_WARN_INFINITE_RECURSION = YES;
				CLANG_WARN_INT_CONVERSION = YES;
				CLANG_WARN_NON_LITERAL_NULL_CONVERSION = YES;
				CLANG_WARN_OBJC_IMPLICIT_RETAIN_SELF = YES;
				CLANG_WARN_OBJC_LITERAL_CONVERSION = YES;
				CLANG_WARN_OBJC_ROOT_CLASS = YES_ERROR;
				CLANG_WARN_QUOTED_INCLUDE_IN_FRAMEWORK_HEADER = YES;
				CLANG_WARN_RANGE_LOOP_ANALYSIS = YES;
				CLANG_WARN_STRICT_PROTOTYPES = YES;
				CLANG_WARN_SUSPICIOUS_MOVE = YES;
				CLANG_WARN_UNGUARDED_AVAILABILITY = YES_AGGRESSIVE;
				CLANG_WARN_UNREACHABLE_CODE = YES;
				CLANG_WARN__DUPLICATE_METHOD_MATCH = YES;
				COPY_PHASE_STRIP = NO;
				DEAD_CODE_STRIPPING = YES;
				DEBUG_INFORMATION_FORMAT = "dwarf-with-dsym";
				ENABLE_NS_ASSERTIONS = NO;
				ENABLE_STRICT_OBJC_MSGSEND = YES;
				ENABLE_USER_SCRIPT_SANDBOXING = YES;
				GCC_C_LANGUAGE_STANDARD = gnu17;
				GCC_NO_COMMON_BLOCKS = YES;
				GCC_WARN_64_TO_32_BIT_CONVERSION = YES;
				GCC_WARN_ABOUT_RETURN_TYPE = YES_ERROR;
				GCC_WARN_UNDECLARED_SELECTOR = YES;
				GCC_WARN_UNINITIALIZED_AUTOS = YES_AGGRESSIVE;
				GCC_WARN_UNUSED_FUNCTION = YES;
				GCC_WARN_UNUSED_VARIABLE = YES;
				MACOSX_DEPLOYMENT_TARGET = 14.0;
				MTL_ENABLE_DEBUG_INFO = NO;
				MTL_FAST_MATH = YES;
				SDKROOT = macosx;
				STRING_CATALOG_GENERATE_SYMBOLS = YES;
				SWIFT_COMPILATION_MODE = wholemodule;
				SWIFT_VERSION = 5.0;
			};
			name = Release;
		};
		E1000014000000000000000E /* Debug */ = {
			isa = XCBuildConfiguration;
			buildSettings = {
				ASSETCATALOG_COMPILER_APPICON_NAME = AppIcon;
				CODE_SIGN_ENTITLEMENTS = ClipSlim/Resources/ClipSlim.entitlements;
				CODE_SIGN_STYLE = Automatic;
				COMBINE_HIDPI_IMAGES = YES;
				CURRENT_PROJECT_VERSION = 8;
				DEAD_CODE_STRIPPING = YES;
				DEVELOPMENT_TEAM = 56ZVD96SR4;
				ENABLE_APP_SANDBOX = YES;
				ENABLE_HARDENED_RUNTIME = YES;
				ENABLE_USER_SELECTED_FILES = readwrite;
				GENERATE_INFOPLIST_FILE = NO;
				INFOPLIST_FILE = ClipSlim/Resources/Info.plist;
				INFOPLIST_KEY_LSApplicationCategoryType = "public.app-category.utilities";
				LD_RUNPATH_SEARCH_PATHS = (
					"$(inherited)",
					"@executable_path/../Frameworks",
				);
				MARKETING_VERSION = 1.0.0;
				PRODUCT_BUNDLE_IDENTIFIER = com.appyaccidents.ClipSlim;
				PRODUCT_NAME = "$(TARGET_NAME)";
				SWIFT_EMIT_LOC_STRINGS = YES;
				SWIFT_VERSION = 5.0;
			};
			name = Debug;
		};
		E1000015000000000000000F /* Release */ = {
			isa = XCBuildConfiguration;
			buildSettings = {
				ASSETCATALOG_COMPILER_APPICON_NAME = AppIcon;
				CODE_SIGN_ENTITLEMENTS = ClipSlim/Resources/ClipSlim.entitlements;
				CODE_SIGN_STYLE = Automatic;
				COMBINE_HIDPI_IMAGES = YES;
				CURRENT_PROJECT_VERSION = 8;
				DEAD_CODE_STRIPPING = YES;
				DEVELOPMENT_TEAM = 56ZVD96SR4;
				ENABLE_APP_SANDBOX = YES;
				ENABLE_HARDENED_RUNTIME = YES;
				ENABLE_USER_SELECTED_FILES = readwrite;
				GENERATE_INFOPLIST_FILE = NO;
				INFOPLIST_FILE = ClipSlim/Resources/Info.plist;
				INFOPLIST_KEY_LSApplicationCategoryType = "public.app-category.utilities";
				LD_RUNPATH_SEARCH_PATHS = (
					"$(inherited)",
					"@executable_path/../Frameworks",
				);
				MARKETING_VERSION = 1.0.0;
				PRODUCT_BUNDLE_IDENTIFIER = com.appyaccidents.ClipSlim;
				PRODUCT_NAME = "$(TARGET_NAME)";
				SWIFT_EMIT_LOC_STRINGS = YES;
				SWIFT_VERSION = 5.0;
			};
			name = Release;
		};
		E10000160000000000000010 /* Debug */ = {
			isa = XCBuildConfiguration;
			buildSettings = {
				BUNDLE_LOADER = "$(TEST_HOST)";
				"CODE_SIGN_IDENTITY[sdk=macosx*]" = "-";
				CODE_SIGN_STYLE = Automatic;
				CURRENT_PROJECT_VERSION = 8;
				DEAD_CODE_STRIPPING = YES;
				DEVELOPMENT_TEAM = 56ZVD96SR4;
				GENERATE_INFOPLIST_FILE = YES;
				MARKETING_VERSION = 1.0.0;
				PRODUCT_BUNDLE_IDENTIFIER = com.appyaccidents.ClipSlimTests;
				PRODUCT_NAME = "$(TARGET_NAME)";
				SWIFT_EMIT_LOC_STRINGS = NO;
				SWIFT_VERSION = 5.0;
				TEST_HOST = "$(BUILT_PRODUCTS_DIR)/ClipSlim.app/$(BUNDLE_EXECUTABLE_FOLDER_PATH)/ClipSlim";
			};
			name = Debug;
		};
		E10000170000000000000011 /* Release */ = {
			isa = XCBuildConfiguration;
			buildSettings = {
				BUNDLE_LOADER = "$(TEST_HOST)";
				"CODE_SIGN_IDENTITY[sdk=macosx*]" = "-";
				CODE_SIGN_STYLE = Automatic;
				CURRENT_PROJECT_VERSION = 8;
				DEAD_CODE_STRIPPING = YES;
				DEVELOPMENT_TEAM = 56ZVD96SR4;
				GENERATE_INFOPLIST_FILE = YES;
				MARKETING_VERSION = 1.0.0;
				PRODUCT_BUNDLE_IDENTIFIER = com.appyaccidents.ClipSlimTests;
				PRODUCT_NAME = "$(TARGET_NAME)";
				SWIFT_EMIT_LOC_STRINGS = NO;
				SWIFT_VERSION = 5.0;
				TEST_HOST = "$(BUILT_PRODUCTS_DIR)/ClipSlim.app/$(BUNDLE_EXECUTABLE_FOLDER_PATH)/ClipSlim";
			};
			name = Release;
		};
/* End XCBuildConfiguration section */

/* Begin XCConfigurationList section */
		E10000050000000000000005 /* Build configuration list for PBXNativeTarget "ClipSlim" */ = {
			isa = XCConfigurationList;
			buildConfigurations = (
				E1000014000000000000000E /* Debug */,
				E1000015000000000000000F /* Release */,
			);
			defaultConfigurationIsVisible = 0;
			defaultConfigurationName = Release;
		};
		E10000080000000000000008 /* Build configuration list for PBXNativeTarget "ClipSlimTests" */ = {
			isa = XCConfigurationList;
			buildConfigurations = (
				E10000160000000000000010 /* Debug */,
				E10000170000000000000011 /* Release */,
			);
			defaultConfigurationIsVisible = 0;
			defaultConfigurationName = Release;
		};
		E1000011000000000000000B /* Build configuration list for PBXProject "ClipSlim" */ = {
			isa = XCConfigurationList;
			buildConfigurations = (
				E1000012000000000000000C /* Debug */,
				E1000013000000000000000D /* Release */,
			);
			defaultConfigurationIsVisible = 0;
			defaultConfigurationName = Release;
		};
/* End XCConfigurationList section */
	};
	rootObject = D10000010000000000000001 /* Project object */;
}
